
Microsoft Visual Studio Solution File, Format Version 12.00
# Visual Studio Version 17
VisualStudioVersion = 17.5.33530.505
MinimumVisualStudioVersion = 10.0.40219.1
Project("{9A19103F-16F7-4668-BE54-9A1E7A4F7556}") = "PCAxis.Sql", "PCAxis.Sql\PCAxis.Sql.csproj", "{EE6BCE11-CDA2-4916-9D88-86FCAD382ACF}"
EndProject
Project("{9A19103F-16F7-4668-BE54-9A1E7A4F7556}") = "PCAxis.Sql.UnitTest", "PCAxis.Sql.UnitTest\PCAxis.Sql.UnitTest.csproj", "{5A2DF24D-3515-4C1F-BE56-ED8637A0A87E}"
EndProject
Global
	GlobalSection(SolutionConfigurationPlatforms) = preSolution
		Debug|Any CPU = Debug|Any CPU
		Release|Any CPU = Release|Any CPU
	EndGlobalSection
	GlobalSection(ProjectConfigurationPlatforms) = postSolution
		{EE6BCE11-CDA2-4916-9D88-86FCAD382ACF}.Debug|Any CPU.ActiveCfg = Debug|Any CPU
		{EE6BCE11-CDA2-4916-9D88-86FCAD382ACF}.Debug|Any CPU.Build.0 = Debug|Any CPU
		{EE6BCE11-CDA2-4916-9D88-86FCAD382ACF}.Release|Any CPU.ActiveCfg = Release|Any CPU
		{EE6BCE11-CDA2-4916-9D88-86FCAD382ACF}.Release|Any CPU.Build.0 = Release|Any CPU
		{5A2DF24D-3515-4C1F-BE56-ED8637A0A87E}.Debug|Any CPU.ActiveCfg = Debug|Any CPU
		{5A2DF24D-3515-4C1F-BE56-ED8637A0A87E}.Debug|Any CPU.Build.0 = Debug|Any CPU
		{5A2DF24D-3515-4C1F-BE56-ED8637A0A87E}.Release|Any CPU.ActiveCfg = Release|Any CPU
		{5A2DF24D-3515-4C1F-BE56-ED8637A0A87E}.Release|Any CPU.Build.0 = Release|Any CPU
	EndGlobalSection
	GlobalSection(SolutionProperties) = preSolution
		HideSolutionNode = FALSE
	EndGlobalSection
	GlobalSection(ExtensibilityGlobals) = postSolution
		SolutionGuid = {89E147DF-F924-45E5-82F2-70D23FE4DCA1}
	EndGlobalSection
EndGlobal
